
Microsoft Visual Studio Solution File, Format Version 12.00
# Visual Studio Version 16
VisualStudioVersion = 16.0.31624.102
MinimumVisualStudioVersion = 10.0.40219.1
Project("{FAE04EC0-301F-11D3-BF4B-00C04F79EFBC}") = "Kerstboom wk1", "Kerstboom wk1.csproj", "{04E06F58-695A-419F-B9C3-8028CB825621}"
EndProject
Global
	GlobalSection(SolutionConfigurationPlatforms) = preSolution
		Debug|Any CPU = Debug|Any CPU
		Release|Any CPU = Release|Any CPU
	EndGlobalSection
	GlobalSection(ProjectConfigurationPlatforms) = postSolution
		{04E06F58-695A-419F-B9C3-8028CB825621}.Debug|Any CPU.ActiveCfg = Debug|Any CPU
		{04E06F58-695A-419F-B9C3-8028CB825621}.Debug|Any CPU.Build.0 = Debug|Any CPU
		{04E06F58-695A-419F-B9C3-8028CB825621}.Release|Any CPU.ActiveCfg = Release|Any CPU
		{04E06F58-695A-419F-B9C3-8028CB825621}.Release|Any CPU.Build.0 = Release|Any CPU
	EndGlobalSection
	GlobalSection(SolutionProperties) = preSolution
		HideSolutionNode = FALSE
	EndGlobalSection
	GlobalSection(ExtensibilityGlobals) = postSolution
		SolutionGuid = {08714921-B6A5-483B-90DC-AB09F6F10034}
	EndGlobalSection
EndGlobal
